<?xml version="1.0" encoding="utf-8"?>
<Project DefaultTargets="Build" ToolsVersion="4.0" xmlns="http://schemas.microsoft.com/developer/msbuild/2003">
  <PropertyGroup>
    <Configuration Condition=" '$(Configuration)' == '' ">Documentation</Configuration>
    <Platform Condition=" '$(Platform)' == '' ">AnyCPU</Platform>
    <ProductVersion>8.0.30703</ProductVersion>
    <SchemaVersion>2.0</SchemaVersion>
    <ProjectGuid>{CD5AEB53-9D32-49D3-983A-F46CF7E7AC60}</ProjectGuid>
    <BaseDirectory>..\source</BaseDirectory>
    <Compiler>DMD</Compiler>
    <PreferOneStepBuild>true</PreferOneStepBuild>
    <UseDefaultCompiler>true</UseDefaultCompiler>
    <IncrementalLinking>true</IncrementalLinking>
    <ReleaseVersion>0.3.2</ReleaseVersion>
  </PropertyGroup>
  <PropertyGroup Condition=" '$(Configuration)|$(Platform)' == 'Documentation|AnyCPU' ">
    <OutputPath>..\generated</OutputPath>
    <ObjectsDirectory>../generated/debug</ObjectsDirectory>
    <LinkinThirdPartyLibraries>false</LinkinThirdPartyLibraries>
    <UnittestMode>false</UnittestMode>
    <OutputName>generate_docs</OutputName>
    <Target>Executable</Target>
    <Externalconsole>true</Externalconsole>
    <DebugLevel>0</DebugLevel>
    <DebugSymbols>true</DebugSymbols>
  </PropertyGroup>
  <ItemGroup>
    <Folder Include="..\source\docs\" />
  </ItemGroup>
  <ItemGroup>
    <Compile Include="..\source\docs\doc.d" />
  </ItemGroup>
</Project>