
Microsoft Visual Studio Solution File, Format Version 11.00
# Visual Studio 2010
Project("{3947E667-4C90-4C3A-BEB9-7148D6FE0D7C}") = "fast", "fast.dproj", "{DFEB5CCB-A636-4971-8302-89CDBF3B4503}"
EndProject
Project("{2150E333-8FDC-42A3-9474-1A3956D46DE8}") = "Solution Items", "Solution Items", "{87AD35CC-088E-43A6-99E8-A216AABD25F0}"
	ProjectSection(SolutionItems) = preProject
		..\README.md = ..\README.md
		..\.gitignore = ..\.gitignore
		..\dub.sdl = ..\dub.sdl
		..\test\fail1.json = ..\test\fail1.json
		..\test\fail2.json = ..\test\fail2.json
		..\test\fail3.json = ..\test\fail3.json
		..\test\fail4.json = ..\test\fail4.json
		..\test\fail5.json = ..\test\fail5.json
		..\test\fail6.json = ..\test\fail6.json
		..\test\fail7.json = ..\test\fail7.json
		..\test\fail8.json = ..\test\fail8.json
		..\test\fail9.json = ..\test\fail9.json
		..\test\fail10.json = ..\test\fail10.json
		..\test\fail11.json = ..\test\fail11.json
		..\test\fail12.json = ..\test\fail12.json
		..\test\fail13.json = ..\test\fail13.json
		..\test\fail14.json = ..\test\fail14.json
		..\test\fail15.json = ..\test\fail15.json
		..\test\fail16.json = ..\test\fail16.json
		..\test\fail17.json = ..\test\fail17.json
		..\test\fail18.json = ..\test\fail18.json
		..\test\fail19.json = ..\test\fail19.json
		..\test\fail20.json = ..\test\fail20.json
		..\test\fail21.json = ..\test\fail21.json
		..\test\fail22.json = ..\test\fail22.json
		..\test\fail23.json = ..\test\fail23.json
		..\test\fail24.json = ..\test\fail24.json
		..\test\fail25.json = ..\test\fail25.json
		..\test\fail26.json = ..\test\fail26.json
		..\test\fail27.json = ..\test\fail27.json
		..\test\fail28.json = ..\test\fail28.json
		..\test\fail29.json = ..\test\fail29.json
		..\test\fail30.json = ..\test\fail30.json
		..\test\fail31.json = ..\test\fail31.json
		..\test\fail32.json = ..\test\fail32.json
		..\test\fail33.json = ..\test\fail33.json
		..\test\pass1.json = ..\test\pass1.json
		..\test\pass2.json = ..\test\pass2.json
		..\test\pass3.json = ..\test\pass3.json
		..\benchall.sh = ..\benchall.sh
	EndProjectSection
EndProject
Project("{3947E667-4C90-4C3A-BEB9-7148D6FE0D7C}") = "docs", "docs.dproj", "{CD5AEB53-9D32-49D3-983A-F46CF7E7AC60}"
EndProject
Project("{3947E667-4C90-4C3A-BEB9-7148D6FE0D7C}") = "generate unicode tables", "generate unicode tables.dproj", "{BD4CA9F1-8EFC-427F-BE62-FA2B7523DAE1}"
EndProject
Global
	GlobalSection(SolutionConfigurationPlatforms) = preSolution
		Benchmark|Any CPU = Benchmark|Any CPU
		Debug|Any CPU = Debug|Any CPU
		Release|Any CPU = Release|Any CPU
		Unittest|x86 = Unittest|x86
		Unittest|x64 = Unittest|x64
		Unicode tables|Any CPU = Unicode tables|Any CPU
		Documentation|Any CPU = Documentation|Any CPU
	EndGlobalSection
	GlobalSection(ProjectConfigurationPlatforms) = postSolution
		{BD4CA9F1-8EFC-427F-BE62-FA2B7523DAE1}.Benchmark|Any CPU.ActiveCfg = Unicode tables|Any CPU
		{BD4CA9F1-8EFC-427F-BE62-FA2B7523DAE1}.Debug|Any CPU.ActiveCfg = Unicode tables|Any CPU
		{BD4CA9F1-8EFC-427F-BE62-FA2B7523DAE1}.Documentation|Any CPU.ActiveCfg = Unicode tables|Any CPU
		{BD4CA9F1-8EFC-427F-BE62-FA2B7523DAE1}.Release|Any CPU.ActiveCfg = Unicode tables|Any CPU
		{BD4CA9F1-8EFC-427F-BE62-FA2B7523DAE1}.Unicode tables|Any CPU.ActiveCfg = Unicode tables|Any CPU
		{BD4CA9F1-8EFC-427F-BE62-FA2B7523DAE1}.Unicode tables|Any CPU.Build.0 = Unicode tables|Any CPU
		{BD4CA9F1-8EFC-427F-BE62-FA2B7523DAE1}.Unittest|x64.ActiveCfg = Unicode tables|Any CPU
		{BD4CA9F1-8EFC-427F-BE62-FA2B7523DAE1}.Unittest|x86.ActiveCfg = Unicode tables|Any CPU
		{CD5AEB53-9D32-49D3-983A-F46CF7E7AC60}.Benchmark|Any CPU.ActiveCfg = Unicode tables|Any CPU
		{CD5AEB53-9D32-49D3-983A-F46CF7E7AC60}.Debug|Any CPU.ActiveCfg = Unicode tables|Any CPU
		{CD5AEB53-9D32-49D3-983A-F46CF7E7AC60}.Documentation|Any CPU.ActiveCfg = Documentation|Any CPU
		{CD5AEB53-9D32-49D3-983A-F46CF7E7AC60}.Documentation|Any CPU.Build.0 = Documentation|Any CPU
		{CD5AEB53-9D32-49D3-983A-F46CF7E7AC60}.Release|Any CPU.ActiveCfg = Unicode tables|Any CPU
		{CD5AEB53-9D32-49D3-983A-F46CF7E7AC60}.Unicode tables|Any CPU.ActiveCfg = Documentation|Any CPU
		{CD5AEB53-9D32-49D3-983A-F46CF7E7AC60}.Unittest|x64.ActiveCfg = Unicode tables|Any CPU
		{CD5AEB53-9D32-49D3-983A-F46CF7E7AC60}.Unittest|x86.ActiveCfg = Unicode tables|Any CPU
		{DFEB5CCB-A636-4971-8302-89CDBF3B4503}.Benchmark|Any CPU.ActiveCfg = Benchmark|Any CPU
		{DFEB5CCB-A636-4971-8302-89CDBF3B4503}.Benchmark|Any CPU.Build.0 = Benchmark|Any CPU
		{DFEB5CCB-A636-4971-8302-89CDBF3B4503}.Debug|Any CPU.ActiveCfg = Debug|Any CPU
		{DFEB5CCB-A636-4971-8302-89CDBF3B4503}.Debug|Any CPU.Build.0 = Debug|Any CPU
		{DFEB5CCB-A636-4971-8302-89CDBF3B4503}.Documentation|Any CPU.ActiveCfg = Documentation|Any CPU
		{DFEB5CCB-A636-4971-8302-89CDBF3B4503}.Release|Any CPU.ActiveCfg = Benchmark|Any CPU
		{DFEB5CCB-A636-4971-8302-89CDBF3B4503}.Release|Any CPU.Build.0 = Benchmark|Any CPU
		{DFEB5CCB-A636-4971-8302-89CDBF3B4503}.Unicode tables|Any CPU.ActiveCfg = Benchmark|Any CPU
		{DFEB5CCB-A636-4971-8302-89CDBF3B4503}.Unittest|x64.ActiveCfg = Unittest|x64
		{DFEB5CCB-A636-4971-8302-89CDBF3B4503}.Unittest|x64.Build.0 = Unittest|x64
		{DFEB5CCB-A636-4971-8302-89CDBF3B4503}.Unittest|x86.ActiveCfg = Unittest|x86
		{DFEB5CCB-A636-4971-8302-89CDBF3B4503}.Unittest|x86.Build.0 = Unittest|x86
	EndGlobalSection
	GlobalSection(NestedProjects) = preSolution
	EndGlobalSection
	GlobalSection(MonoDevelopProperties) = preSolution
		BaseDirectory = ..
		Policies = $0
		$0.TextStylePolicy = $1
		$1.inheritsSet = null
		$1.scope = application/json
		$0.TextStylePolicy = $2
		$2.inheritsSet = Mono
		$2.inheritsScope = text/plain
		$2.scope = text/plain
		$0.TextStylePolicy = $3
		$3.FileWidth = 120
		$3.TabsToSpaces = False
		$3.NoTabsAfterNonTabs = True
		$3.inheritsSet = VisualStudio
		$3.inheritsScope = text/plain
		$3.scope = text/x-d
		$0.DFormattingPolicy = $4
		$4.inheritsSet = Mono
		$4.inheritsScope = text/x-d
		$4.scope = text/x-d
		$0.StandardHeader = $5
		$5.Text = 
		$5.IncludeInNewFiles = True
		$0.NameConventionPolicy = $6
		$6.Rules = $7
		$7.NamingRule = $8
		$8.Name = Namespaces
		$8.AffectedEntity = Namespace
		$8.VisibilityMask = VisibilityMask
		$8.NamingStyle = PascalCase
		$8.IncludeInstanceMembers = True
		$8.IncludeStaticEntities = True
		$7.NamingRule = $9
		$9.Name = Types
		$9.AffectedEntity = Class, Struct, Enum, Delegate
		$9.VisibilityMask = Public
		$9.NamingStyle = PascalCase
		$9.IncludeInstanceMembers = True
		$9.IncludeStaticEntities = True
		$7.NamingRule = $10
		$10.Name = Interfaces
		$10.RequiredPrefixes = $11
		$11.String = I
		$10.AffectedEntity = Interface
		$10.VisibilityMask = Public
		$10.NamingStyle = PascalCase
		$10.IncludeInstanceMembers = True
		$10.IncludeStaticEntities = True
		$7.NamingRule = $12
		$12.Name = Attributes
		$12.RequiredSuffixes = $13
		$13.String = Attribute
		$12.AffectedEntity = CustomAttributes
		$12.VisibilityMask = Public
		$12.NamingStyle = PascalCase
		$12.IncludeInstanceMembers = True
		$12.IncludeStaticEntities = True
		$7.NamingRule = $14
		$14.Name = Event Arguments
		$14.RequiredSuffixes = $15
		$15.String = EventArgs
		$14.AffectedEntity = CustomEventArgs
		$14.VisibilityMask = Public
		$14.NamingStyle = PascalCase
		$14.IncludeInstanceMembers = True
		$14.IncludeStaticEntities = True
		$7.NamingRule = $16
		$16.Name = Exceptions
		$16.RequiredSuffixes = $17
		$17.String = Exception
		$16.AffectedEntity = CustomExceptions
		$16.VisibilityMask = VisibilityMask
		$16.NamingStyle = PascalCase
		$16.IncludeInstanceMembers = True
		$16.IncludeStaticEntities = True
		$7.NamingRule = $18
		$18.Name = Methods
		$18.AffectedEntity = Methods
		$18.VisibilityMask = Protected, Public
		$18.NamingStyle = PascalCase
		$18.IncludeInstanceMembers = True
		$18.IncludeStaticEntities = True
		$7.NamingRule = $19
		$19.Name = Static Readonly Fields
		$19.AffectedEntity = ReadonlyField
		$19.VisibilityMask = Protected, Public
		$19.NamingStyle = PascalCase
		$19.IncludeInstanceMembers = False
		$19.IncludeStaticEntities = True
		$7.NamingRule = $20
		$20.Name = Fields
		$20.AffectedEntity = Field
		$20.VisibilityMask = Protected, Public
		$20.NamingStyle = PascalCase
		$20.IncludeInstanceMembers = True
		$20.IncludeStaticEntities = True
		$7.NamingRule = $21
		$21.Name = ReadOnly Fields
		$21.AffectedEntity = ReadonlyField
		$21.VisibilityMask = Protected, Public
		$21.NamingStyle = PascalCase
		$21.IncludeInstanceMembers = True
		$21.IncludeStaticEntities = False
		$7.NamingRule = $22
		$22.Name = Constant Fields
		$22.AffectedEntity = ConstantField
		$22.VisibilityMask = Protected, Public
		$22.NamingStyle = PascalCase
		$22.IncludeInstanceMembers = True
		$22.IncludeStaticEntities = True
		$7.NamingRule = $23
		$23.Name = Properties
		$23.AffectedEntity = Property
		$23.VisibilityMask = Protected, Public
		$23.NamingStyle = PascalCase
		$23.IncludeInstanceMembers = True
		$23.IncludeStaticEntities = True
		$7.NamingRule = $24
		$24.Name = Events
		$24.AffectedEntity = Event
		$24.VisibilityMask = Protected, Public
		$24.NamingStyle = PascalCase
		$24.IncludeInstanceMembers = True
		$24.IncludeStaticEntities = True
		$7.NamingRule = $25
		$25.Name = Enum Members
		$25.AffectedEntity = EnumMember
		$25.VisibilityMask = VisibilityMask
		$25.NamingStyle = PascalCase
		$25.IncludeInstanceMembers = True
		$25.IncludeStaticEntities = True
		$7.NamingRule = $26
		$26.Name = Parameters
		$26.AffectedEntity = Parameter
		$26.VisibilityMask = VisibilityMask
		$26.NamingStyle = CamelCase
		$26.IncludeInstanceMembers = True
		$26.IncludeStaticEntities = True
		$7.NamingRule = $27
		$27.Name = Type Parameters
		$27.RequiredPrefixes = $28
		$28.String = T
		$27.AffectedEntity = TypeParameter
		$27.VisibilityMask = VisibilityMask
		$27.NamingStyle = PascalCase
		$27.IncludeInstanceMembers = True
		$27.IncludeStaticEntities = True
		$0.VersionControlPolicy = $29
		$29.CommitMessageStyle = $30
		$30.FileSeparator = ", "
		$30.IncludeDirectoryPaths = True
		$29.inheritsSet = Mono
		$0.ChangeLogPolicy = $31
		$31.UpdateMode = None
		$31.MessageStyle = $32
		$32.LineAlign = 0
		$31.inheritsSet = Mono
		description = A library for D that aims to provide the fastest possible implementation of some every day routines.
		version = 0.3.2
		outputpath = ..
	EndGlobalSection
	GlobalSection(SolutionProperties) = preSolution
		HideSolutionNode = FALSE
	EndGlobalSection
EndGlobal
