<?xml version="1.0" encoding="utf-8"?>
<Project DefaultTargets="Build" ToolsVersion="4.0" xmlns="http://schemas.microsoft.com/developer/msbuild/2003">
  <PropertyGroup>
    <Configuration Condition=" '$(Configuration)' == '' ">Unicode tables</Configuration>
    <Platform Condition=" '$(Platform)' == '' ">AnyCPU</Platform>
    <ProductVersion>8.0.30703</ProductVersion>
    <SchemaVersion>2.0</SchemaVersion>
    <ProjectGuid>{BD4CA9F1-8EFC-427F-BE62-FA2B7523DAE1}</ProjectGuid>
    <BaseDirectory>..\source</BaseDirectory>
    <Compiler>DMD</Compiler>
    <PreferOneStepBuild>true</PreferOneStepBuild>
    <UseDefaultCompiler>true</UseDefaultCompiler>
    <IncrementalLinking>true</IncrementalLinking>
    <ReleaseVersion>0.3.2</ReleaseVersion>
  </PropertyGroup>
  <PropertyGroup Condition=" '$(Configuration)|$(Platform)' == 'Unicode tables|AnyCPU' ">
    <OutputPath>..\generated</OutputPath>
    <DDocDirectory>../docs</DDocDirectory>
    <ObjectsDirectory>../generated/debug</ObjectsDirectory>
    <LinkinThirdPartyLibraries>false</LinkinThirdPartyLibraries>
    <UnittestMode>false</UnittestMode>
    <OutputName>generate_unicode_tables</OutputName>
    <Target>Executable</Target>
    <ConsolePause>false</ConsolePause>
    <DebugLevel>0</DebugLevel>
    <DebugSymbols>true</DebugSymbols>
  </PropertyGroup>
  <ItemGroup>
    <Folder Include="..\source\unicode\" />
  </ItemGroup>
  <ItemGroup>
    <Compile Include="..\source\unicode\generator.d" />
  </ItemGroup>
</Project>